// !$*UTF8*$!
{
	archiveVersion = 1;
	classes = {
	};
	objectVersion = 50;
	objects = {

/* Begin PBXBuildFile section */
		C9E8972420C3A57600194A15 /* DoRunTests.swift in Sources */ = {isa = PBXBuildFile; fileRef = C9E8972320C3A57600194A15 /* DoRunTests.swift */; };
		C9E8972F20C3A57600194A15 /* DoRunUITests.swift in Sources */ = {isa = PBXBuildFile; fileRef = C9E8972E20C3A57600194A15 /* DoRunUITests.swift */; };
		C9E8973D20C3A59B00194A15 /* DoRun.swift in Sources */ = {isa = PBXBuildFile; fileRef = C9E8973C20C3A59A00194A15 /* DoRun.swift */; };
		C9E8973F20C3C1AF00194A15 /* DoRun.podspec in Resources */ = {isa = PBXBuildFile; fileRef = C9E8973E20C3C1AF00194A15 /* DoRun.podspec */; };
		C9E8974120C3C7C900194A15 /* AppDelegate.swift in Sources */ = {isa = PBXBuildFile; fileRef = C9E8974020C3C7C900194A15 /* AppDelegate.swift */; };
		C9E8974620C3C7E900194A15 /* Main.storyboard in Resources */ = {isa = PBXBuildFile; fileRef = C9E8974220C3C7E800194A15 /* Main.storyboard */; };
		C9E8974720C3C7E900194A15 /* LaunchScreen.storyboard in Resources */ = {isa = PBXBuildFile; fileRef = C9E8974420C3C7E800194A15 /* LaunchScreen.storyboard */; };
/* End PBXBuildFile section */

/* Begin PBXContainerItemProxy section */
		C9E8972020C3A57600194A15 /* PBXContainerItemProxy */ = {
			isa = PBXContainerItemProxy;
			containerPortal = C9E8970320C3A57400194A15 /* Project object */;
			proxyType = 1;
			remoteGlobalIDString = C9E8970A20C3A57400194A15;
			remoteInfo = DoRun;
		};
		C9E8972B20C3A57600194A15 /* PBXContainerItemProxy */ = {
			isa = PBXContainerItemProxy;
			containerPortal = C9E8970320C3A57400194A15 /* Project object */;
			proxyType = 1;
			remoteGlobalIDString = C9E8970A20C3A57400194A15;
			remoteInfo = DoRun;
		};
/* End PBXContainerItemProxy section */

/* Begin PBXFileReference section */
		C9E8970B20C3A57400194A15 /* DoRun.app */ = {isa = PBXFileReference; explicitFileType = wrapper.application; includeInIndex = 0; path = DoRun.app; sourceTree = BUILT_PRODUCTS_DIR; };
		C9E8971A20C3A57500194A15 /* Info.plist */ = {isa = PBXFileReference; lastKnownFileType = text.plist.xml; path = Info.plist; sourceTree = "<group>"; };
		C9E8971F20C3A57600194A15 /* DoRunTests.xctest */ = {isa = PBXFileReference; explicitFileType = wrapper.cfbundle; includeInIndex = 0; path = DoRunTests.xctest; sourceTree = BUILT_PRODUCTS_DIR; };
		C9E8972320C3A57600194A15 /* DoRunTests.swift */ = {isa = PBXFileReference; lastKnownFileType = sourcecode.swift; path = DoRunTests.swift; sourceTree = "<group>"; };
		C9E8972520C3A57600194A15 /* Info.plist */ = {isa = PBXFileReference; lastKnownFileType = text.plist.xml; path = Info.plist; sourceTree = "<group>"; };
		C9E8972A20C3A57600194A15 /* DoRunUITests.xctest */ = {isa = PBXFileReference; explicitFileType = wrapper.cfbundle; includeInIndex = 0; path = DoRunUITests.xctest; sourceTree = BUILT_PRODUCTS_DIR; };
		C9E8972E20C3A57600194A15 /* DoRunUITests.swift */ = {isa = PBXFileReference; lastKnownFileType = sourcecode.swift; path = DoRunUITests.swift; sourceTree = "<group>"; };
		C9E8973020C3A57600194A15 /* Info.plist */ = {isa = PBXFileReference; lastKnownFileType = text.plist.xml; path = Info.plist; sourceTree = "<group>"; };
		C9E8973C20C3A59A00194A15 /* DoRun.swift */ = {isa = PBXFileReference; fileEncoding = 4; lastKnownFileType = sourcecode.swift; path = DoRun.swift; sourceTree = "<group>"; };
		C9E8973E20C3C1AF00194A15 /* DoRun.podspec */ = {isa = PBXFileReference; fileEncoding = 4; lastKnownFileType = text; path = DoRun.podspec; sourceTree = "<group>"; };
		C9E8974020C3C7C900194A15 /* AppDelegate.swift */ = {isa = PBXFileReference; fileEncoding = 4; lastKnownFileType = sourcecode.swift; path = AppDelegate.swift; sourceTree = "<group>"; };
		C9E8974320C3C7E800194A15 /* Base */ = {isa = PBXFileReference; lastKnownFileType = file.storyboard; name = Base; path = Base.lproj/Main.storyboard; sourceTree = "<group>"; };
		C9E8974520C3C7E800194A15 /* Base */ = {isa = PBXFileReference; lastKnownFileType = file.storyboard; name = Base; path = Base.lproj/LaunchScreen.storyboard; sourceTree = "<group>"; };
/* End PBXFileReference section */

/* Begin PBXFrameworksBuildPhase section */
		C9E8970820C3A57400194A15 /* Frameworks */ = {
			isa = PBXFrameworksBuildPhase;
			buildActionMask = 2147483647;
			files = (
			);
			runOnlyForDeploymentPostprocessing = 0;
		};
		C9E8971C20C3A57600194A15 /* Frameworks */ = {
			isa = PBXFrameworksBuildPhase;
			buildActionMask = 2147483647;
			files = (
			);
			runOnlyForDeploymentPostprocessing = 0;
		};
		C9E8972720C3A57600194A15 /* Frameworks */ = {
			isa = PBXFrameworksBuildPhase;
			buildActionMask = 2147483647;
			files = (
			);
			runOnlyForDeploymentPostprocessing = 0;
		};
/* End PBXFrameworksBuildPhase section */

/* Begin PBXGroup section */
		C9E8970220C3A57400194A15 = {
			isa = PBXGroup;
			children = (
				C9E8973E20C3C1AF00194A15 /* DoRun.podspec */,
				C9E8970D20C3A57400194A15 /* DoRun */,
				C9E8972220C3A57600194A15 /* DoRunTests */,
				C9E8972D20C3A57600194A15 /* DoRunUITests */,
				C9E8970C20C3A57400194A15 /* Products */,
			);
			sourceTree = "<group>";
		};
		C9E8970C20C3A57400194A15 /* Products */ = {
			isa = PBXGroup;
			children = (
				C9E8970B20C3A57400194A15 /* DoRun.app */,
				C9E8971F20C3A57600194A15 /* DoRunTests.xctest */,
				C9E8972A20C3A57600194A15 /* DoRunUITests.xctest */,
			);
			name = Products;
			sourceTree = "<group>";
		};
		C9E8970D20C3A57400194A15 /* DoRun */ = {
			isa = PBXGroup;
			children = (
				C9E8974420C3C7E800194A15 /* LaunchScreen.storyboard */,
				C9E8974220C3C7E800194A15 /* Main.storyboard */,
				C9E8974020C3C7C900194A15 /* AppDelegate.swift */,
				C9E8973C20C3A59A00194A15 /* DoRun.swift */,
				C9E8971A20C3A57500194A15 /* Info.plist */,
			);
			path = DoRun;
			sourceTree = "<group>";
		};
		C9E8972220C3A57600194A15 /* DoRunTests */ = {
			isa = PBXGroup;
			children = (
				C9E8972320C3A57600194A15 /* DoRunTests.swift */,
				C9E8972520C3A57600194A15 /* Info.plist */,
			);
			path = DoRunTests;
			sourceTree = "<group>";
		};
		C9E8972D20C3A57600194A15 /* DoRunUITests */ = {
			isa = PBXGroup;
			children = (
				C9E8972E20C3A57600194A15 /* DoRunUITests.swift */,
				C9E8973020C3A57600194A15 /* Info.plist */,
			);
			path = DoRunUITests;
			sourceTree = "<group>";
		};
/* End PBXGroup section */

/* Begin PBXNativeTarget section */
		C9E8970A20C3A57400194A15 /* DoRun */ = {
			isa = PBXNativeTarget;
			buildConfigurationList = C9E8973320C3A57600194A15 /* Build configuration list for PBXNativeTarget "DoRun" */;
			buildPhases = (
				C9E8970720C3A57400194A15 /* Sources */,
				C9E8970820C3A57400194A15 /* Frameworks */,
				C9E8970920C3A57400194A15 /* Resources */,
			);
			buildRules = (
			);
			dependencies = (
			);
			name = DoRun;
			productName = DoRun;
			productReference = C9E8970B20C3A57400194A15 /* DoRun.app */;
			productType = "com.apple.product-type.application";
		};
		C9E8971E20C3A57600194A15 /* DoRunTests */ = {
			isa = PBXNativeTarget;
			buildConfigurationList = C9E8973620C3A57600194A15 /* Build configuration list for PBXNativeTarget "DoRunTests" */;
			buildPhases = (
				C9E8971B20C3A57600194A15 /* Sources */,
				C9E8971C20C3A57600194A15 /* Frameworks */,
				C9E8971D20C3A57600194A15 /* Resources */,
			);
			buildRules = (
			);
			dependencies = (
				C9E8972120C3A57600194A15 /* PBXTargetDependency */,
			);
			name = DoRunTests;
			productName = DoRunTests;
			productReference = C9E8971F20C3A57600194A15 /* DoRunTests.xctest */;
			productType = "com.apple.product-type.bundle.unit-test";
		};
		C9E8972920C3A57600194A15 /* DoRunUITests */ = {
			isa = PBXNativeTarget;
			buildConfigurationList = C9E8973920C3A57600194A15 /* Build configuration list for PBXNativeTarget "DoRunUITests" */;
			buildPhases = (
				C9E8972620C3A57600194A15 /* Sources */,
				C9E8972720C3A57600194A15 /* Frameworks */,
				C9E8972820C3A57600194A15 /* Resources */,
			);
			buildRules = (
			);
			dependencies = (
				C9E8972C20C3A57600194A15 /* PBXTargetDependency */,
			);
			name = DoRunUITests;
			productName = DoRunUITests;
			productReference = C9E8972A20C3A57600194A15 /* DoRunUITests.xctest */;
			productType = "com.apple.product-type.bundle.ui-testing";
		};
/* End PBXNativeTarget section */

/* Begin PBXProject section */
		C9E8970320C3A57400194A15 /* Project object */ = {
			isa = PBXProject;
			attributes = {
				LastSwiftUpdateCheck = 0930;
				LastUpgradeCheck = 0930;
				ORGANIZATIONNAME = "guo-pf";
				TargetAttributes = {
					C9E8970A20C3A57400194A15 = {
						CreatedOnToolsVersion = 9.3.1;
					};
					C9E8971E20C3A57600194A15 = {
						CreatedOnToolsVersion = 9.3.1;
						TestTargetID = C9E8970A20C3A57400194A15;
					};
					C9E8972920C3A57600194A15 = {
						CreatedOnToolsVersion = 9.3.1;
						TestTargetID = C9E8970A20C3A57400194A15;
					};
				};
			};
			buildConfigurationList = C9E8970620C3A57400194A15 /* Build configuration list for PBXProject "DoRun" */;
			compatibilityVersion = "Xcode 9.3";
			developmentRegion = en;
			hasScannedForEncodings = 0;
			knownRegions = (
				en,
				Base,
			);
			mainGroup = C9E8970220C3A57400194A15;
			productRefGroup = C9E8970C20C3A57400194A15 /* Products */;
			projectDirPath = "";
			projectRoot = "";
			targets = (
				C9E8970A20C3A57400194A15 /* DoRun */,
				C9E8971E20C3A57600194A15 /* DoRunTests */,
				C9E8972920C3A57600194A15 /* DoRunUITests */,
			);
		};
/* End PBXProject section */

/* Begin PBXResourcesBuildPhase section */
		C9E8970920C3A57400194A15 /* Resources */ = {
			isa = PBXResourcesBuildPhase;
			buildActionMask = 2147483647;
			files = (
				C9E8974720C3C7E900194A15 /* LaunchScreen.storyboard in Resources */,
				C9E8973F20C3C1AF00194A15 /* DoRun.podspec in Resources */,
				C9E8974620C3C7E900194A15 /* Main.storyboard in Resources */,
			);
			runOnlyForDeploymentPostprocessing = 0;
		};
		C9E8971D20C3A57600194A15 /* Resources */ = {
			isa = PBXResourcesBuildPhase;
			buildActionMask = 2147483647;
			files = (
			);
			runOnlyForDeploymentPostprocessing = 0;
		};
		C9E8972820C3A57600194A15 /* Resources */ = {
			isa = PBXResourcesBuildPhase;
			buildActionMask = 2147483647;
			files = (
			);
			runOnlyForDeploymentPostprocessing = 0;
		};
/* End PBXResourcesBuildPhase section */

/* Begin PBXSourcesBuildPhase section */
		C9E8970720C3A57400194A15 /* Sources */ = {
			isa = PBXSourcesBuildPhase;
			buildActionMask = 2147483647;
			files = (
				C9E8974120C3C7C900194A15 /* AppDelegate.swift in Sources */,
				C9E8973D20C3A59B00194A15 /* DoRun.swift in Sources */,
			);
			runOnlyForDeploymentPostprocessing = 0;
		};
		C9E8971B20C3A57600194A15 /* Sources */ = {
			isa = PBXSourcesBuildPhase;
			buildActionMask = 2147483647;
			files = (
				C9E8972420C3A57600194A15 /* DoRunTests.swift in Sources */,
			);
			runOnlyForDeploymentPostprocessing = 0;
		};
		C9E8972620C3A57600194A15 /* Sources */ = {
			isa = PBXSourcesBuildPhase;
			buildActionMask = 2147483647;
			files = (
				C9E8972F20C3A57600194A15 /* DoRunUITests.swift in Sources */,
			);
			runOnlyForDeploymentPostprocessing = 0;
		};
/* End PBXSourcesBuildPhase section */

/* Begin PBXTargetDependency section */
		C9E8972120C3A57600194A15 /* PBXTargetDependency */ = {
			isa = PBXTargetDependency;
			target = C9E8970A20C3A57400194A15 /* DoRun */;
			targetProxy = C9E8972020C3A57600194A15 /* PBXContainerItemProxy */;
		};
		C9E8972C20C3A57600194A15 /* PBXTargetDependency */ = {
			isa = PBXTargetDependency;
			target = C9E8970A20C3A57400194A15 /* DoRun */;
			targetProxy = C9E8972B20C3A57600194A15 /* PBXContainerItemProxy */;
		};
/* End PBXTargetDependency section */

/* Begin PBXVariantGroup section */
		C9E8974220C3C7E800194A15 /* Main.storyboard */ = {
			isa = PBXVariantGroup;
			children = (
				C9E8974320C3C7E800194A15 /* Base */,
			);
			name = Main.storyboard;
			sourceTree = "<group>";
		};
		C9E8974420C3C7E800194A15 /* LaunchScreen.storyboard */ = {
			isa = PBXVariantGroup;
			children = (
				C9E8974520C3C7E800194A15 /* Base */,
			);
			name = LaunchScreen.storyboard;
			sourceTree = "<group>";
		};
/* End PBXVariantGroup section */

/* Begin XCBuildConfiguration section */
		C9E8973120C3A57600194A15 /* Debug */ = {
			isa = XCBuildConfiguration;
			buildSettings = {
				ALWAYS_SEARCH_USER_PATHS = NO;
				CLANG_ANALYZER_NONNULL = YES;
				CLANG_ANALYZER_NUMBER_OBJECT_CONVERSION = YES_AGGRESSIVE;
				CLANG_CXX_LANGUAGE_STANDARD = "gnu++14";
				CLANG_CXX_LIBRARY = "libc++";
				CLANG_ENABLE_MODULES = YES;
				CLANG_ENABLE_OBJC_ARC = YES;
				CLANG_ENABLE_OBJC_WEAK = YES;
				CLANG_WARN_BLOCK_CAPTURE_AUTORELEASING = YES;
				CLANG_WARN_BOOL_CONVERSION = YES;
				CLANG_WARN_COMMA = YES;
				CLANG_WARN_CONSTANT_CONVERSION = YES;
				CLANG_WARN_DEPRECATED_OBJC_IMPLEMENTATIONS = YES;
				CLANG_WARN_DIRECT_OBJC_ISA_USAGE = YES_ERROR;
				CLANG_WARN_DOCUMENTATION_COMMENTS = YES;
				CLANG_WARN_EMPTY_BODY = YES;
				CLANG_WARN_ENUM_CONVERSION = YES;
				CLANG_WARN_INFINITE_RECURSION = YES;
				CLANG_WARN_INT_CONVERSION = YES;
				CLANG_WARN_NON_LITERAL_NULL_CONVERSION = YES;
				CLANG_WARN_OBJC_IMPLICIT_RETAIN_SELF = YES;
				CLANG_WARN_OBJC_LITERAL_CONVERSION = YES;
				CLANG_WARN_OBJC_ROOT_CLASS = YES_ERROR;
				CLANG_WARN_RANGE_LOOP_ANALYSIS = YES;
				CLANG_WARN_STRICT_PROTOTYPES = YES;
				CLANG_WARN_SUSPICIOUS_MOVE = YES;
				CLANG_WARN_UNGUARDED_AVAILABILITY = YES_AGGRESSIVE;
				CLANG_WARN_UNREACHABLE_CODE = YES;
				CLANG_WARN__DUPLICATE_METHOD_MATCH = YES;
				CODE_SIGN_IDENTITY = "iPhone Developer";
				COPY_PHASE_STRIP = NO;
				DEBUG_INFORMATION_FORMAT = dwarf;
				ENABLE_STRICT_OBJC_MSGSEND = YES;
				ENABLE_TESTABILITY = YES;
				GCC_C_LANGUAGE_STANDARD = gnu11;
				GCC_DYNAMIC_NO_PIC = NO;
				GCC_NO_COMMON_BLOCKS = YES;
				GCC_OPTIMIZATION_LEVEL = 0;
				GCC_PREPROCESSOR_DEFINITIONS = (
					"DEBUG=1",
					"$(inherited)",
				);
				GCC_WARN_64_TO_32_BIT_CONVERSION = YES;
				GCC_WARN_ABOUT_RETURN_TYPE = YES_ERROR;
				GCC_WARN_UNDECLARED_SELECTOR = YES;
				GCC_WARN_UNINITIALIZED_AUTOS = YES_AGGRESSIVE;
				GCC_WARN_UNUSED_FUNCTION = YES;
				GCC_WARN_UNUSED_VARIABLE = YES;
				IPHONEOS_DEPLOYMENT_TARGET = 11.3;
				MTL_ENABLE_DEBUG_INFO = YES;
				ONLY_ACTIVE_ARCH = YES;
				SDKROOT = iphoneos;
				SWIFT_ACTIVE_COMPILATION_CONDITIONS = DEBUG;
				SWIFT_OPTIMIZATION_LEVEL = "-Onone";
			};
			name = Debug;
		};
		C9E8973220C3A57600194A15 /* Release */ = {
			isa = XCBuildConfiguration;
			buildSettings = {
				ALWAYS_SEARCH_USER_PATHS = NO;
				CLANG_ANALYZER_NONNULL = YES;
				CLANG_ANALYZER_NUMBER_OBJECT_CONVERSION = YES_AGGRESSIVE;
				CLANG_CXX_LANGUAGE_STANDARD = "gnu++14";
				CLANG_CXX_LIBRARY = "libc++";
				CLANG_ENABLE_MODULES = YES;
				CLANG_ENABLE_OBJC_ARC = YES;
				CLANG_ENABLE_OBJC_WEAK = YES;
				CLANG_WARN_BLOCK_CAPTURE_AUTORELEASING = YES;
				CLANG_WARN_BOOL_CONVERSION = YES;
				CLANG_WARN_COMMA = YES;
				CLANG_WARN_CONSTANT_CONVERSION = YES;
				CLANG_WARN_DEPRECATED_OBJC_IMPLEMENTATIONS = YES;
				CLANG_WARN_DIRECT_OBJC_ISA_USAGE = YES_ERROR;
				CLANG_WARN_DOCUMENTATION_COMMENTS = YES;
				CLANG_WARN_EMPTY_BODY = YES;
				CLANG_WARN_ENUM_CONVERSION = YES;
				CLANG_WARN_INFINITE_RECURSION = YES;
				CLANG_WARN_INT_CONVERSION = YES;
				CLANG_WARN_NON_LITERAL_NULL_CONVERSION = YES;
				CLANG_WARN_OBJC_IMPLICIT_RETAIN_SELF = YES;
				CLANG_WARN_OBJC_LITERAL_CONVERSION = YES;
				CLANG_WARN_OBJC_ROOT_CLASS = YES_ERROR;
				CLANG_WARN_RANGE_LOOP_ANALYSIS = YES;
				CLANG_WARN_STRICT_PROTOTYPES = YES;
				CLANG_WARN_SUSPICIOUS_MOVE = YES;
				CLANG_WARN_UNGUARDED_AVAILABILITY = YES_AGGRESSIVE;
				CLANG_WARN_UNREACHABLE_CODE = YES;
				CLANG_WARN__DUPLICATE_METHOD_MATCH = YES;
				CODE_SIGN_IDENTITY = "iPhone Developer";
				COPY_PHASE_STRIP = NO;
				DEBUG_INFORMATION_FORMAT = "dwarf-with-dsym";
				ENABLE_NS_ASSERTIONS = NO;
				ENABLE_STRICT_OBJC_MSGSEND = YES;
				GCC_C_LANGUAGE_STANDARD = gnu11;
				GCC_NO_COMMON_BLOCKS = YES;
				GCC_WARN_64_TO_32_BIT_CONVERSION = YES;
				GCC_WARN_ABOUT_RETURN_TYPE = YES_ERROR;
				GCC_WARN_UNDECLARED_SELECTOR = YES;
				GCC_WARN_UNINITIALIZED_AUTOS = YES_AGGRESSIVE;
				GCC_WARN_UNUSED_FUNCTION = YES;
				GCC_WARN_UNUSED_VARIABLE = YES;
				IPHONEOS_DEPLOYMENT_TARGET = 11.3;
				MTL_ENABLE_DEBUG_INFO = NO;
				SDKROOT = iphoneos;
				SWIFT_COMPILATION_MODE = wholemodule;
				SWIFT_OPTIMIZATION_LEVEL = "-O";
				VALIDATE_PRODUCT = YES;
			};
			name = Release;
		};
		C9E8973420C3A57600194A15 /* Debug */ = {
			isa = XCBuildConfiguration;
			buildSettings = {
				ASSETCATALOG_COMPILER_APPICON_NAME = AppIcon;
				CODE_SIGN_STYLE = Automatic;
				DEVELOPMENT_TEAM = 982E63SSU5;
				INFOPLIST_FILE = DoRun/Info.plist;
				LD_RUNPATH_SEARCH_PATHS = (
					"$(inherited)",
					"@executable_path/Frameworks",
				);
				PRODUCT_BUNDLE_IDENTIFIER = "guo-pf.DoRun";
				PRODUCT_NAME = "$(TARGET_NAME)";
				SWIFT_VERSION = 4.0;
				TARGETED_DEVICE_FAMILY = "1,2";
			};
			name = Debug;
		};
		C9E8973520C3A57600194A15 /* Release */ = {
			isa = XCBuildConfiguration;
			buildSettings = {
				ASSETCATALOG_COMPILER_APPICON_NAME = AppIcon;
				CODE_SIGN_STYLE = Automatic;
				DEVELOPMENT_TEAM = 982E63SSU5;
				INFOPLIST_FILE = DoRun/Info.plist;
				LD_RUNPATH_SEARCH_PATHS = (
					"$(inherited)",
					"@executable_path/Frameworks",
				);
				PRODUCT_BUNDLE_IDENTIFIER = "guo-pf.DoRun";
				PRODUCT_NAME = "$(TARGET_NAME)";
				SWIFT_VERSION = 4.0;
				TARGETED_DEVICE_FAMILY = "1,2";
			};
			name = Release;
		};
		C9E8973720C3A57600194A15 /* Debug */ = {
			isa = XCBuildConfiguration;
			buildSettings = {
				ALWAYS_EMBED_SWIFT_STANDARD_LIBRARIES = YES;
				BUNDLE_LOADER = "$(TEST_HOST)";
				CODE_SIGN_STYLE = Automatic;
				DEVELOPMENT_TEAM = 982E63SSU5;
				INFOPLIST_FILE = DoRunTests/Info.plist;
				LD_RUNPATH_SEARCH_PATHS = (
					"$(inherited)",
					"@executable_path/Frameworks",
					"@loader_path/Frameworks",
				);
				PRODUCT_BUNDLE_IDENTIFIER = "guo-pf.DoRunTests";
				PRODUCT_NAME = "$(TARGET_NAME)";
				SWIFT_VERSION = 4.0;
				TARGETED_DEVICE_FAMILY = "1,2";
				TEST_HOST = "$(BUILT_PRODUCTS_DIR)/DoRun.app/DoRun";
			};
			name = Debug;
		};
		C9E8973820C3A57600194A15 /* Release */ = {
			isa = XCBuildConfiguration;
			buildSettings = {
				ALWAYS_EMBED_SWIFT_STANDARD_LIBRARIES = YES;
				BUNDLE_LOADER = "$(TEST_HOST)";
				CODE_SIGN_STYLE = Automatic;
				DEVELOPMENT_TEAM = 982E63SSU5;
				INFOPLIST_FILE = DoRunTests/Info.plist;
				LD_RUNPATH_SEARCH_PATHS = (
					"$(inherited)",
					"@executable_path/Frameworks",
					"@loader_path/Frameworks",
				);
				PRODUCT_BUNDLE_IDENTIFIER = "guo-pf.DoRunTests";
				PRODUCT_NAME = "$(TARGET_NAME)";
				SWIFT_VERSION = 4.0;
				TARGETED_DEVICE_FAMILY = "1,2";
				TEST_HOST = "$(BUILT_PRODUCTS_DIR)/DoRun.app/DoRun";
			};
			name = Release;
		};
		C9E8973A20C3A57600194A15 /* Debug */ = {
			isa = XCBuildConfiguration;
			buildSettings = {
				ALWAYS_EMBED_SWIFT_STANDARD_LIBRARIES = YES;
				CODE_SIGN_STYLE = Automatic;
				DEVELOPMENT_TEAM = 982E63SSU5;
				INFOPLIST_FILE = DoRunUITests/Info.plist;
				LD_RUNPATH_SEARCH_PATHS = (
					"$(inherited)",
					"@executable_path/Frameworks",
					"@loader_path/Frameworks",
				);
				PRODUCT_BUNDLE_IDENTIFIER = "guo-pf.DoRunUITests";
				PRODUCT_NAME = "$(TARGET_NAME)";
				SWIFT_VERSION = 4.0;
				TARGETED_DEVICE_FAMILY = "1,2";
				TEST_TARGET_NAME = DoRun;
			};
			name = Debug;
		};
		C9E8973B20C3A57600194A15 /* Release */ = {
			isa = XCBuildConfiguration;
			buildSettings = {
				ALWAYS_EMBED_SWIFT_STANDARD_LIBRARIES = YES;
				CODE_SIGN_STYLE = Automatic;
				DEVELOPMENT_TEAM = 982E63SSU5;
				INFOPLIST_FILE = DoRunUITests/Info.plist;
				LD_RUNPATH_SEARCH_PATHS = (
					"$(inherited)",
					"@executable_path/Frameworks",
					"@loader_path/Frameworks",
				);
				PRODUCT_BUNDLE_IDENTIFIER = "guo-pf.DoRunUITests";
				PRODUCT_NAME = "$(TARGET_NAME)";
				SWIFT_VERSION = 4.0;
				TARGETED_DEVICE_FAMILY = "1,2";
				TEST_TARGET_NAME = DoRun;
			};
			name = Release;
		};
/* End XCBuildConfiguration section */

/* Begin XCConfigurationList section */
		C9E8970620C3A57400194A15 /* Build configuration list for PBXProject "DoRun" */ = {
			isa = XCConfigurationList;
			buildConfigurations = (
				C9E8973120C3A57600194A15 /* Debug */,
				C9E8973220C3A57600194A15 /* Release */,
			);
			defaultConfigurationIsVisible = 0;
			defaultConfigurationName = Release;
		};
		C9E8973320C3A57600194A15 /* Build configuration list for PBXNativeTarget "DoRun" */ = {
			isa = XCConfigurationList;
			buildConfigurations = (
				C9E8973420C3A57600194A15 /* Debug */,
				C9E8973520C3A57600194A15 /* Release */,
			);
			defaultConfigurationIsVisible = 0;
			defaultConfigurationName = Release;
		};
		C9E8973620C3A57600194A15 /* Build configuration list for PBXNativeTarget "DoRunTests" */ = {
			isa = XCConfigurationList;
			buildConfigurations = (
				C9E8973720C3A57600194A15 /* Debug */,
				C9E8973820C3A57600194A15 /* Release */,
			);
			defaultConfigurationIsVisible = 0;
			defaultConfigurationName = Release;
		};
		C9E8973920C3A57600194A15 /* Build configuration list for PBXNativeTarget "DoRunUITests" */ = {
			isa = XCConfigurationList;
			buildConfigurations = (
				C9E8973A20C3A57600194A15 /* Debug */,
				C9E8973B20C3A57600194A15 /* Release */,
			);
			defaultConfigurationIsVisible = 0;
			defaultConfigurationName = Release;
		};
/* End XCConfigurationList section */
	};
	rootObject = C9E8970320C3A57400194A15 /* Project object */;
}
