// !$*UTF8*$!
{
	archiveVersion = 1;
	classes = {
	};
	objectVersion = 50;
	objects = {

/* Begin PBXBuildFile section */
		C940513920C56ED80093FE46 /* AppDelegate.swift in Sources */ = {isa = PBXBuildFile; fileRef = C940513820C56ED80093FE46 /* AppDelegate.swift */; };
		C940513B20C56ED80093FE46 /* ViewController.swift in Sources */ = {isa = PBXBuildFile; fileRef = C940513A20C56ED80093FE46 /* ViewController.swift */; };
		C940513E20C56ED80093FE46 /* Main.storyboard in Resources */ = {isa = PBXBuildFile; fileRef = C940513C20C56ED80093FE46 /* Main.storyboard */; };
		C940514020C56ED80093FE46 /* Assets.xcassets in Resources */ = {isa = PBXBuildFile; fileRef = C940513F20C56ED80093FE46 /* Assets.xcassets */; };
		C940514320C56ED80093FE46 /* LaunchScreen.storyboard in Resources */ = {isa = PBXBuildFile; fileRef = C940514120C56ED80093FE46 /* LaunchScreen.storyboard */; };
		C940514E20C56ED90093FE46 /* DoNow_masterTests.swift in Sources */ = {isa = PBXBuildFile; fileRef = C940514D20C56ED90093FE46 /* DoNow_masterTests.swift */; };
		C940515920C56ED90093FE46 /* DoNow_masterUITests.swift in Sources */ = {isa = PBXBuildFile; fileRef = C940515820C56ED90093FE46 /* DoNow_masterUITests.swift */; };
		C940516820C56F810093FE46 /* DoRun.swift in Sources */ = {isa = PBXBuildFile; fileRef = C940516720C56F810093FE46 /* DoRun.swift */; };
/* End PBXBuildFile section */

/* Begin PBXContainerItemProxy section */
		C940514A20C56ED90093FE46 /* PBXContainerItemProxy */ = {
			isa = PBXContainerItemProxy;
			containerPortal = C940512D20C56ED80093FE46 /* Project object */;
			proxyType = 1;
			remoteGlobalIDString = C940513420C56ED80093FE46;
			remoteInfo = "DoNow-master";
		};
		C940515520C56ED90093FE46 /* PBXContainerItemProxy */ = {
			isa = PBXContainerItemProxy;
			containerPortal = C940512D20C56ED80093FE46 /* Project object */;
			proxyType = 1;
			remoteGlobalIDString = C940513420C56ED80093FE46;
			remoteInfo = "DoNow-master";
		};
/* End PBXContainerItemProxy section */

/* Begin PBXFileReference section */
		C940513520C56ED80093FE46 /* DoNow-master.app */ = {isa = PBXFileReference; explicitFileType = wrapper.application; includeInIndex = 0; path = "DoNow-master.app"; sourceTree = BUILT_PRODUCTS_DIR; };
		C940513820C56ED80093FE46 /* AppDelegate.swift */ = {isa = PBXFileReference; lastKnownFileType = sourcecode.swift; path = AppDelegate.swift; sourceTree = "<group>"; };
		C940513A20C56ED80093FE46 /* ViewController.swift */ = {isa = PBXFileReference; lastKnownFileType = sourcecode.swift; path = ViewController.swift; sourceTree = "<group>"; };
		C940513D20C56ED80093FE46 /* Base */ = {isa = PBXFileReference; lastKnownFileType = file.storyboard; name = Base; path = Base.lproj/Main.storyboard; sourceTree = "<group>"; };
		C940513F20C56ED80093FE46 /* Assets.xcassets */ = {isa = PBXFileReference; lastKnownFileType = folder.assetcatalog; path = Assets.xcassets; sourceTree = "<group>"; };
		C940514220C56ED80093FE46 /* Base */ = {isa = PBXFileReference; lastKnownFileType = file.storyboard; name = Base; path = Base.lproj/LaunchScreen.storyboard; sourceTree = "<group>"; };
		C940514420C56ED80093FE46 /* Info.plist */ = {isa = PBXFileReference; lastKnownFileType = text.plist.xml; path = Info.plist; sourceTree = "<group>"; };
		C940514920C56ED90093FE46 /* DoNow-masterTests.xctest */ = {isa = PBXFileReference; explicitFileType = wrapper.cfbundle; includeInIndex = 0; path = "DoNow-masterTests.xctest"; sourceTree = BUILT_PRODUCTS_DIR; };
		C940514D20C56ED90093FE46 /* DoNow_masterTests.swift */ = {isa = PBXFileReference; lastKnownFileType = sourcecode.swift; path = DoNow_masterTests.swift; sourceTree = "<group>"; };
		C940514F20C56ED90093FE46 /* Info.plist */ = {isa = PBXFileReference; lastKnownFileType = text.plist.xml; path = Info.plist; sourceTree = "<group>"; };
		C940515420C56ED90093FE46 /* DoNow-masterUITests.xctest */ = {isa = PBXFileReference; explicitFileType = wrapper.cfbundle; includeInIndex = 0; path = "DoNow-masterUITests.xctest"; sourceTree = BUILT_PRODUCTS_DIR; };
		C940515820C56ED90093FE46 /* DoNow_masterUITests.swift */ = {isa = PBXFileReference; lastKnownFileType = sourcecode.swift; path = DoNow_masterUITests.swift; sourceTree = "<group>"; };
		C940515A20C56ED90093FE46 /* Info.plist */ = {isa = PBXFileReference; lastKnownFileType = text.plist.xml; path = Info.plist; sourceTree = "<group>"; };
		C940516720C56F810093FE46 /* DoRun.swift */ = {isa = PBXFileReference; fileEncoding = 4; lastKnownFileType = sourcecode.swift; path = DoRun.swift; sourceTree = "<group>"; };
/* End PBXFileReference section */

/* Begin PBXFrameworksBuildPhase section */
		C940513220C56ED80093FE46 /* Frameworks */ = {
			isa = PBXFrameworksBuildPhase;
			buildActionMask = 2147483647;
			files = (
			);
			runOnlyForDeploymentPostprocessing = 0;
		};
		C940514620C56ED90093FE46 /* Frameworks */ = {
			isa = PBXFrameworksBuildPhase;
			buildActionMask = 2147483647;
			files = (
			);
			runOnlyForDeploymentPostprocessing = 0;
		};
		C940515120C56ED90093FE46 /* Frameworks */ = {
			isa = PBXFrameworksBuildPhase;
			buildActionMask = 2147483647;
			files = (
			);
			runOnlyForDeploymentPostprocessing = 0;
		};
/* End PBXFrameworksBuildPhase section */

/* Begin PBXGroup section */
		C940512C20C56ED80093FE46 = {
			isa = PBXGroup;
			children = (
				C940513720C56ED80093FE46 /* DoNow-master */,
				C940514C20C56ED90093FE46 /* DoNow-masterTests */,
				C940515720C56ED90093FE46 /* DoNow-masterUITests */,
				C940513620C56ED80093FE46 /* Products */,
			);
			sourceTree = "<group>";
		};
		C940513620C56ED80093FE46 /* Products */ = {
			isa = PBXGroup;
			children = (
				C940513520C56ED80093FE46 /* DoNow-master.app */,
				C940514920C56ED90093FE46 /* DoNow-masterTests.xctest */,
				C940515420C56ED90093FE46 /* DoNow-masterUITests.xctest */,
			);
			name = Products;
			sourceTree = "<group>";
		};
		C940513720C56ED80093FE46 /* DoNow-master */ = {
			isa = PBXGroup;
			children = (
				C940516620C56F810093FE46 /* DoRun */,
				C940513820C56ED80093FE46 /* AppDelegate.swift */,
				C940513A20C56ED80093FE46 /* ViewController.swift */,
				C940513C20C56ED80093FE46 /* Main.storyboard */,
				C940513F20C56ED80093FE46 /* Assets.xcassets */,
				C940514120C56ED80093FE46 /* LaunchScreen.storyboard */,
				C940514420C56ED80093FE46 /* Info.plist */,
			);
			path = "DoNow-master";
			sourceTree = "<group>";
		};
		C940514C20C56ED90093FE46 /* DoNow-masterTests */ = {
			isa = PBXGroup;
			children = (
				C940514D20C56ED90093FE46 /* DoNow_masterTests.swift */,
				C940514F20C56ED90093FE46 /* Info.plist */,
			);
			path = "DoNow-masterTests";
			sourceTree = "<group>";
		};
		C940515720C56ED90093FE46 /* DoNow-masterUITests */ = {
			isa = PBXGroup;
			children = (
				C940515820C56ED90093FE46 /* DoNow_masterUITests.swift */,
				C940515A20C56ED90093FE46 /* Info.plist */,
			);
			path = "DoNow-masterUITests";
			sourceTree = "<group>";
		};
		C940516620C56F810093FE46 /* DoRun */ = {
			isa = PBXGroup;
			children = (
				C940516720C56F810093FE46 /* DoRun.swift */,
			);
			path = DoRun;
			sourceTree = "<group>";
		};
/* End PBXGroup section */

/* Begin PBXNativeTarget section */
		C940513420C56ED80093FE46 /* DoNow-master */ = {
			isa = PBXNativeTarget;
			buildConfigurationList = C940515D20C56ED90093FE46 /* Build configuration list for PBXNativeTarget "DoNow-master" */;
			buildPhases = (
				C940513120C56ED80093FE46 /* Sources */,
				C940513220C56ED80093FE46 /* Frameworks */,
				C940513320C56ED80093FE46 /* Resources */,
			);
			buildRules = (
			);
			dependencies = (
			);
			name = "DoNow-master";
			productName = "DoNow-master";
			productReference = C940513520C56ED80093FE46 /* DoNow-master.app */;
			productType = "com.apple.product-type.application";
		};
		C940514820C56ED90093FE46 /* DoNow-masterTests */ = {
			isa = PBXNativeTarget;
			buildConfigurationList = C940516020C56ED90093FE46 /* Build configuration list for PBXNativeTarget "DoNow-masterTests" */;
			buildPhases = (
				C940514520C56ED90093FE46 /* Sources */,
				C940514620C56ED90093FE46 /* Frameworks */,
				C940514720C56ED90093FE46 /* Resources */,
			);
			buildRules = (
			);
			dependencies = (
				C940514B20C56ED90093FE46 /* PBXTargetDependency */,
			);
			name = "DoNow-masterTests";
			productName = "DoNow-masterTests";
			productReference = C940514920C56ED90093FE46 /* DoNow-masterTests.xctest */;
			productType = "com.apple.product-type.bundle.unit-test";
		};
		C940515320C56ED90093FE46 /* DoNow-masterUITests */ = {
			isa = PBXNativeTarget;
			buildConfigurationList = C940516320C56ED90093FE46 /* Build configuration list for PBXNativeTarget "DoNow-masterUITests" */;
			buildPhases = (
				C940515020C56ED90093FE46 /* Sources */,
				C940515120C56ED90093FE46 /* Frameworks */,
				C940515220C56ED90093FE46 /* Resources */,
			);
			buildRules = (
			);
			dependencies = (
				C940515620C56ED90093FE46 /* PBXTargetDependency */,
			);
			name = "DoNow-masterUITests";
			productName = "DoNow-masterUITests";
			productReference = C940515420C56ED90093FE46 /* DoNow-masterUITests.xctest */;
			productType = "com.apple.product-type.bundle.ui-testing";
		};
/* End PBXNativeTarget section */

/* Begin PBXProject section */
		C940512D20C56ED80093FE46 /* Project object */ = {
			isa = PBXProject;
			attributes = {
				LastSwiftUpdateCheck = 0930;
				LastUpgradeCheck = 0930;
				ORGANIZATIONNAME = "guo-pf";
				TargetAttributes = {
					C940513420C56ED80093FE46 = {
						CreatedOnToolsVersion = 9.3.1;
					};
					C940514820C56ED90093FE46 = {
						CreatedOnToolsVersion = 9.3.1;
						TestTargetID = C940513420C56ED80093FE46;
					};
					C940515320C56ED90093FE46 = {
						CreatedOnToolsVersion = 9.3.1;
						TestTargetID = C940513420C56ED80093FE46;
					};
				};
			};
			buildConfigurationList = C940513020C56ED80093FE46 /* Build configuration list for PBXProject "DoNow-master" */;
			compatibilityVersion = "Xcode 9.3";
			developmentRegion = en;
			hasScannedForEncodings = 0;
			knownRegions = (
				en,
				Base,
			);
			mainGroup = C940512C20C56ED80093FE46;
			productRefGroup = C940513620C56ED80093FE46 /* Products */;
			projectDirPath = "";
			projectRoot = "";
			targets = (
				C940513420C56ED80093FE46 /* DoNow-master */,
				C940514820C56ED90093FE46 /* DoNow-masterTests */,
				C940515320C56ED90093FE46 /* DoNow-masterUITests */,
			);
		};
/* End PBXProject section */

/* Begin PBXResourcesBuildPhase section */
		C940513320C56ED80093FE46 /* Resources */ = {
			isa = PBXResourcesBuildPhase;
			buildActionMask = 2147483647;
			files = (
				C940514320C56ED80093FE46 /* LaunchScreen.storyboard in Resources */,
				C940514020C56ED80093FE46 /* Assets.xcassets in Resources */,
				C940513E20C56ED80093FE46 /* Main.storyboard in Resources */,
			);
			runOnlyForDeploymentPostprocessing = 0;
		};
		C940514720C56ED90093FE46 /* Resources */ = {
			isa = PBXResourcesBuildPhase;
			buildActionMask = 2147483647;
			files = (
			);
			runOnlyForDeploymentPostprocessing = 0;
		};
		C940515220C56ED90093FE46 /* Resources */ = {
			isa = PBXResourcesBuildPhase;
			buildActionMask = 2147483647;
			files = (
			);
			runOnlyForDeploymentPostprocessing = 0;
		};
/* End PBXResourcesBuildPhase section */

/* Begin PBXSourcesBuildPhase section */
		C940513120C56ED80093FE46 /* Sources */ = {
			isa = PBXSourcesBuildPhase;
			buildActionMask = 2147483647;
			files = (
				C940513B20C56ED80093FE46 /* ViewController.swift in Sources */,
				C940516820C56F810093FE46 /* DoRun.swift in Sources */,
				C940513920C56ED80093FE46 /* AppDelegate.swift in Sources */,
			);
			runOnlyForDeploymentPostprocessing = 0;
		};
		C940514520C56ED90093FE46 /* Sources */ = {
			isa = PBXSourcesBuildPhase;
			buildActionMask = 2147483647;
			files = (
				C940514E20C56ED90093FE46 /* DoNow_masterTests.swift in Sources */,
			);
			runOnlyForDeploymentPostprocessing = 0;
		};
		C940515020C56ED90093FE46 /* Sources */ = {
			isa = PBXSourcesBuildPhase;
			buildActionMask = 2147483647;
			files = (
				C940515920C56ED90093FE46 /* DoNow_masterUITests.swift in Sources */,
			);
			runOnlyForDeploymentPostprocessing = 0;
		};
/* End PBXSourcesBuildPhase section */

/* Begin PBXTargetDependency section */
		C940514B20C56ED90093FE46 /* PBXTargetDependency */ = {
			isa = PBXTargetDependency;
			target = C940513420C56ED80093FE46 /* DoNow-master */;
			targetProxy = C940514A20C56ED90093FE46 /* PBXContainerItemProxy */;
		};
		C940515620C56ED90093FE46 /* PBXTargetDependency */ = {
			isa = PBXTargetDependency;
			target = C940513420C56ED80093FE46 /* DoNow-master */;
			targetProxy = C940515520C56ED90093FE46 /* PBXContainerItemProxy */;
		};
/* End PBXTargetDependency section */

/* Begin PBXVariantGroup section */
		C940513C20C56ED80093FE46 /* Main.storyboard */ = {
			isa = PBXVariantGroup;
			children = (
				C940513D20C56ED80093FE46 /* Base */,
			);
			name = Main.storyboard;
			sourceTree = "<group>";
		};
		C940514120C56ED80093FE46 /* LaunchScreen.storyboard */ = {
			isa = PBXVariantGroup;
			children = (
				C940514220C56ED80093FE46 /* Base */,
			);
			name = LaunchScreen.storyboard;
			sourceTree = "<group>";
		};
/* End PBXVariantGroup section */

/* Begin XCBuildConfiguration section */
		C940515B20C56ED90093FE46 /* Debug */ = {
			isa = XCBuildConfiguration;
			buildSettings = {
				ALWAYS_SEARCH_USER_PATHS = NO;
				CLANG_ANALYZER_NONNULL = YES;
				CLANG_ANALYZER_NUMBER_OBJECT_CONVERSION = YES_AGGRESSIVE;
				CLANG_CXX_LANGUAGE_STANDARD = "gnu++14";
				CLANG_CXX_LIBRARY = "libc++";
				CLANG_ENABLE_MODULES = YES;
				CLANG_ENABLE_OBJC_ARC = YES;
				CLANG_ENABLE_OBJC_WEAK = YES;
				CLANG_WARN_BLOCK_CAPTURE_AUTORELEASING = YES;
				CLANG_WARN_BOOL_CONVERSION = YES;
				CLANG_WARN_COMMA = YES;
				CLANG_WARN_CONSTANT_CONVERSION = YES;
				CLANG_WARN_DEPRECATED_OBJC_IMPLEMENTATIONS = YES;
				CLANG_WARN_DIRECT_OBJC_ISA_USAGE = YES_ERROR;
				CLANG_WARN_DOCUMENTATION_COMMENTS = YES;
				CLANG_WARN_EMPTY_BODY = YES;
				CLANG_WARN_ENUM_CONVERSION = YES;
				CLANG_WARN_INFINITE_RECURSION = YES;
				CLANG_WARN_INT_CONVERSION = YES;
				CLANG_WARN_NON_LITERAL_NULL_CONVERSION = YES;
				CLANG_WARN_OBJC_IMPLICIT_RETAIN_SELF = YES;
				CLANG_WARN_OBJC_LITERAL_CONVERSION = YES;
				CLANG_WARN_OBJC_ROOT_CLASS = YES_ERROR;
				CLANG_WARN_RANGE_LOOP_ANALYSIS = YES;
				CLANG_WARN_STRICT_PROTOTYPES = YES;
				CLANG_WARN_SUSPICIOUS_MOVE = YES;
				CLANG_WARN_UNGUARDED_AVAILABILITY = YES_AGGRESSIVE;
				CLANG_WARN_UNREACHABLE_CODE = YES;
				CLANG_WARN__DUPLICATE_METHOD_MATCH = YES;
				CODE_SIGN_IDENTITY = "iPhone Developer";
				COPY_PHASE_STRIP = NO;
				DEBUG_INFORMATION_FORMAT = dwarf;
				ENABLE_STRICT_OBJC_MSGSEND = YES;
				ENABLE_TESTABILITY = YES;
				GCC_C_LANGUAGE_STANDARD = gnu11;
				GCC_DYNAMIC_NO_PIC = NO;
				GCC_NO_COMMON_BLOCKS = YES;
				GCC_OPTIMIZATION_LEVEL = 0;
				GCC_PREPROCESSOR_DEFINITIONS = (
					"DEBUG=1",
					"$(inherited)",
				);
				GCC_WARN_64_TO_32_BIT_CONVERSION = YES;
				GCC_WARN_ABOUT_RETURN_TYPE = YES_ERROR;
				GCC_WARN_UNDECLARED_SELECTOR = YES;
				GCC_WARN_UNINITIALIZED_AUTOS = YES_AGGRESSIVE;
				GCC_WARN_UNUSED_FUNCTION = YES;
				GCC_WARN_UNUSED_VARIABLE = YES;
				IPHONEOS_DEPLOYMENT_TARGET = 11.3;
				MTL_ENABLE_DEBUG_INFO = YES;
				ONLY_ACTIVE_ARCH = YES;
				SDKROOT = iphoneos;
				SWIFT_ACTIVE_COMPILATION_CONDITIONS = DEBUG;
				SWIFT_OPTIMIZATION_LEVEL = "-Onone";
			};
			name = Debug;
		};
		C940515C20C56ED90093FE46 /* Release */ = {
			isa = XCBuildConfiguration;
			buildSettings = {
				ALWAYS_SEARCH_USER_PATHS = NO;
				CLANG_ANALYZER_NONNULL = YES;
				CLANG_ANALYZER_NUMBER_OBJECT_CONVERSION = YES_AGGRESSIVE;
				CLANG_CXX_LANGUAGE_STANDARD = "gnu++14";
				CLANG_CXX_LIBRARY = "libc++";
				CLANG_ENABLE_MODULES = YES;
				CLANG_ENABLE_OBJC_ARC = YES;
				CLANG_ENABLE_OBJC_WEAK = YES;
				CLANG_WARN_BLOCK_CAPTURE_AUTORELEASING = YES;
				CLANG_WARN_BOOL_CONVERSION = YES;
				CLANG_WARN_COMMA = YES;
				CLANG_WARN_CONSTANT_CONVERSION = YES;
				CLANG_WARN_DEPRECATED_OBJC_IMPLEMENTATIONS = YES;
				CLANG_WARN_DIRECT_OBJC_ISA_USAGE = YES_ERROR;
				CLANG_WARN_DOCUMENTATION_COMMENTS = YES;
				CLANG_WARN_EMPTY_BODY = YES;
				CLANG_WARN_ENUM_CONVERSION = YES;
				CLANG_WARN_INFINITE_RECURSION = YES;
				CLANG_WARN_INT_CONVERSION = YES;
				CLANG_WARN_NON_LITERAL_NULL_CONVERSION = YES;
				CLANG_WARN_OBJC_IMPLICIT_RETAIN_SELF = YES;
				CLANG_WARN_OBJC_LITERAL_CONVERSION = YES;
				CLANG_WARN_OBJC_ROOT_CLASS = YES_ERROR;
				CLANG_WARN_RANGE_LOOP_ANALYSIS = YES;
				CLANG_WARN_STRICT_PROTOTYPES = YES;
				CLANG_WARN_SUSPICIOUS_MOVE = YES;
				CLANG_WARN_UNGUARDED_AVAILABILITY = YES_AGGRESSIVE;
				CLANG_WARN_UNREACHABLE_CODE = YES;
				CLANG_WARN__DUPLICATE_METHOD_MATCH = YES;
				CODE_SIGN_IDENTITY = "iPhone Developer";
				COPY_PHASE_STRIP = NO;
				DEBUG_INFORMATION_FORMAT = "dwarf-with-dsym";
				ENABLE_NS_ASSERTIONS = NO;
				ENABLE_STRICT_OBJC_MSGSEND = YES;
				GCC_C_LANGUAGE_STANDARD = gnu11;
				GCC_NO_COMMON_BLOCKS = YES;
				GCC_WARN_64_TO_32_BIT_CONVERSION = YES;
				GCC_WARN_ABOUT_RETURN_TYPE = YES_ERROR;
				GCC_WARN_UNDECLARED_SELECTOR = YES;
				GCC_WARN_UNINITIALIZED_AUTOS = YES_AGGRESSIVE;
				GCC_WARN_UNUSED_FUNCTION = YES;
				GCC_WARN_UNUSED_VARIABLE = YES;
				IPHONEOS_DEPLOYMENT_TARGET = 11.3;
				MTL_ENABLE_DEBUG_INFO = NO;
				SDKROOT = iphoneos;
				SWIFT_COMPILATION_MODE = wholemodule;
				SWIFT_OPTIMIZATION_LEVEL = "-O";
				VALIDATE_PRODUCT = YES;
			};
			name = Release;
		};
		C940515E20C56ED90093FE46 /* Debug */ = {
			isa = XCBuildConfiguration;
			buildSettings = {
				ASSETCATALOG_COMPILER_APPICON_NAME = AppIcon;
				CODE_SIGN_STYLE = Automatic;
				DEVELOPMENT_TEAM = 982E63SSU5;
				INFOPLIST_FILE = "DoNow-master/Info.plist";
				LD_RUNPATH_SEARCH_PATHS = (
					"$(inherited)",
					"@executable_path/Frameworks",
				);
				PRODUCT_BUNDLE_IDENTIFIER = "guo-pf.DoNow-master";
				PRODUCT_NAME = "$(TARGET_NAME)";
				SWIFT_VERSION = 4.0;
				TARGETED_DEVICE_FAMILY = "1,2";
			};
			name = Debug;
		};
		C940515F20C56ED90093FE46 /* Release */ = {
			isa = XCBuildConfiguration;
			buildSettings = {
				ASSETCATALOG_COMPILER_APPICON_NAME = AppIcon;
				CODE_SIGN_STYLE = Automatic;
				DEVELOPMENT_TEAM = 982E63SSU5;
				INFOPLIST_FILE = "DoNow-master/Info.plist";
				LD_RUNPATH_SEARCH_PATHS = (
					"$(inherited)",
					"@executable_path/Frameworks",
				);
				PRODUCT_BUNDLE_IDENTIFIER = "guo-pf.DoNow-master";
				PRODUCT_NAME = "$(TARGET_NAME)";
				SWIFT_VERSION = 4.0;
				TARGETED_DEVICE_FAMILY = "1,2";
			};
			name = Release;
		};
		C940516120C56ED90093FE46 /* Debug */ = {
			isa = XCBuildConfiguration;
			buildSettings = {
				ALWAYS_EMBED_SWIFT_STANDARD_LIBRARIES = YES;
				BUNDLE_LOADER = "$(TEST_HOST)";
				CODE_SIGN_STYLE = Automatic;
				DEVELOPMENT_TEAM = 982E63SSU5;
				INFOPLIST_FILE = "DoNow-masterTests/Info.plist";
				LD_RUNPATH_SEARCH_PATHS = (
					"$(inherited)",
					"@executable_path/Frameworks",
					"@loader_path/Frameworks",
				);
				PRODUCT_BUNDLE_IDENTIFIER = "guo-pf.DoNow-masterTests";
				PRODUCT_NAME = "$(TARGET_NAME)";
				SWIFT_VERSION = 4.0;
				TARGETED_DEVICE_FAMILY = "1,2";
				TEST_HOST = "$(BUILT_PRODUCTS_DIR)/DoNow-master.app/DoNow-master";
			};
			name = Debug;
		};
		C940516220C56ED90093FE46 /* Release */ = {
			isa = XCBuildConfiguration;
			buildSettings = {
				ALWAYS_EMBED_SWIFT_STANDARD_LIBRARIES = YES;
				BUNDLE_LOADER = "$(TEST_HOST)";
				CODE_SIGN_STYLE = Automatic;
				DEVELOPMENT_TEAM = 982E63SSU5;
				INFOPLIST_FILE = "DoNow-masterTests/Info.plist";
				LD_RUNPATH_SEARCH_PATHS = (
					"$(inherited)",
					"@executable_path/Frameworks",
					"@loader_path/Frameworks",
				);
				PRODUCT_BUNDLE_IDENTIFIER = "guo-pf.DoNow-masterTests";
				PRODUCT_NAME = "$(TARGET_NAME)";
				SWIFT_VERSION = 4.0;
				TARGETED_DEVICE_FAMILY = "1,2";
				TEST_HOST = "$(BUILT_PRODUCTS_DIR)/DoNow-master.app/DoNow-master";
			};
			name = Release;
		};
		C940516420C56ED90093FE46 /* Debug */ = {
			isa = XCBuildConfiguration;
			buildSettings = {
				ALWAYS_EMBED_SWIFT_STANDARD_LIBRARIES = YES;
				CODE_SIGN_STYLE = Automatic;
				DEVELOPMENT_TEAM = 982E63SSU5;
				INFOPLIST_FILE = "DoNow-masterUITests/Info.plist";
				LD_RUNPATH_SEARCH_PATHS = (
					"$(inherited)",
					"@executable_path/Frameworks",
					"@loader_path/Frameworks",
				);
				PRODUCT_BUNDLE_IDENTIFIER = "guo-pf.DoNow-masterUITests";
				PRODUCT_NAME = "$(TARGET_NAME)";
				SWIFT_VERSION = 4.0;
				TARGETED_DEVICE_FAMILY = "1,2";
				TEST_TARGET_NAME = "DoNow-master";
			};
			name = Debug;
		};
		C940516520C56ED90093FE46 /* Release */ = {
			isa = XCBuildConfiguration;
			buildSettings = {
				ALWAYS_EMBED_SWIFT_STANDARD_LIBRARIES = YES;
				CODE_SIGN_STYLE = Automatic;
				DEVELOPMENT_TEAM = 982E63SSU5;
				INFOPLIST_FILE = "DoNow-masterUITests/Info.plist";
				LD_RUNPATH_SEARCH_PATHS = (
					"$(inherited)",
					"@executable_path/Frameworks",
					"@loader_path/Frameworks",
				);
				PRODUCT_BUNDLE_IDENTIFIER = "guo-pf.DoNow-masterUITests";
				PRODUCT_NAME = "$(TARGET_NAME)";
				SWIFT_VERSION = 4.0;
				TARGETED_DEVICE_FAMILY = "1,2";
				TEST_TARGET_NAME = "DoNow-master";
			};
			name = Release;
		};
/* End XCBuildConfiguration section */

/* Begin XCConfigurationList section */
		C940513020C56ED80093FE46 /* Build configuration list for PBXProject "DoNow-master" */ = {
			isa = XCConfigurationList;
			buildConfigurations = (
				C940515B20C56ED90093FE46 /* Debug */,
				C940515C20C56ED90093FE46 /* Release */,
			);
			defaultConfigurationIsVisible = 0;
			defaultConfigurationName = Release;
		};
		C940515D20C56ED90093FE46 /* Build configuration list for PBXNativeTarget "DoNow-master" */ = {
			isa = XCConfigurationList;
			buildConfigurations = (
				C940515E20C56ED90093FE46 /* Debug */,
				C940515F20C56ED90093FE46 /* Release */,
			);
			defaultConfigurationIsVisible = 0;
			defaultConfigurationName = Release;
		};
		C940516020C56ED90093FE46 /* Build configuration list for PBXNativeTarget "DoNow-masterTests" */ = {
			isa = XCConfigurationList;
			buildConfigurations = (
				C940516120C56ED90093FE46 /* Debug */,
				C940516220C56ED90093FE46 /* Release */,
			);
			defaultConfigurationIsVisible = 0;
			defaultConfigurationName = Release;
		};
		C940516320C56ED90093FE46 /* Build configuration list for PBXNativeTarget "DoNow-masterUITests" */ = {
			isa = XCConfigurationList;
			buildConfigurations = (
				C940516420C56ED90093FE46 /* Debug */,
				C940516520C56ED90093FE46 /* Release */,
			);
			defaultConfigurationIsVisible = 0;
			defaultConfigurationName = Release;
		};
/* End XCConfigurationList section */
	};
	rootObject = C940512D20C56ED80093FE46 /* Project object */;
}
